Microsoft Visual Studio Solution File, Format Version 11.00
# Visual Studio 2008

Project("{440A37E3-99A6-0B33-42F6-B9C3D8F9D5CF}") = "TSA", "Assembly-CSharp-firstpass.csproj", "{4ABBA232-6F1D-AA8A-A376-7EC366B619CC}"
EndProject
Project("{440A37E3-99A6-0B33-42F6-B9C3D8F9D5CF}") = "TSA", "Assembly-CSharp.csproj", "{6C2691D7-963F-59C1-F20A-3C37B83472BA}"
EndProject
Project("{440A37E3-99A6-0B33-42F6-B9C3D8F9D5CF}") = "TSA", "Assembly-UnityScript-firstpass.unityproj", "{BAFC2297-F4D1-B8C5-0A9C-16AF96A86531}"
EndProject
Project("{440A37E3-99A6-0B33-42F6-B9C3D8F9D5CF}") = "TSA", "Assembly-UnityScript.unityproj", "{62223C1F-B5DF-4E83-243B-317EC289CD5B}"
EndProject
Global
	GlobalSection(SolutionConfigurationPlatforms) = preSolution
		Debug|Any CPU = Debug|Any CPU
		Release|Any CPU = Release|Any CPU
	EndGlobalSection
	GlobalSection(ProjectConfigurationPlatforms) = postSolution
		{4ABBA232-6F1D-AA8A-A376-7EC366B619CC}.Debug|Any CPU.ActiveCfg = Debug|Any CPU
		{4ABBA232-6F1D-AA8A-A376-7EC366B619CC}.Debug|Any CPU.Build.0 = Debug|Any CPU
		{4ABBA232-6F1D-AA8A-A376-7EC366B619CC}.Release|Any CPU.ActiveCfg = Release|Any CPU
		{4ABBA232-6F1D-AA8A-A376-7EC366B619CC}.Release|Any CPU.Build.0 = Release|Any CPU
		{6C2691D7-963F-59C1-F20A-3C37B83472BA}.Debug|Any CPU.ActiveCfg = Debug|Any CPU
		{6C2691D7-963F-59C1-F20A-3C37B83472BA}.Debug|Any CPU.Build.0 = Debug|Any CPU
		{6C2691D7-963F-59C1-F20A-3C37B83472BA}.Release|Any CPU.ActiveCfg = Release|Any CPU
		{6C2691D7-963F-59C1-F20A-3C37B83472BA}.Release|Any CPU.Build.0 = Release|Any CPU
		{BAFC2297-F4D1-B8C5-0A9C-16AF96A86531}.Debug|Any CPU.ActiveCfg = Debug|Any CPU
		{BAFC2297-F4D1-B8C5-0A9C-16AF96A86531}.Debug|Any CPU.Build.0 = Debug|Any CPU
		{BAFC2297-F4D1-B8C5-0A9C-16AF96A86531}.Release|Any CPU.ActiveCfg = Release|Any CPU
		{BAFC2297-F4D1-B8C5-0A9C-16AF96A86531}.Release|Any CPU.Build.0 = Release|Any CPU
		{62223C1F-B5DF-4E83-243B-317EC289CD5B}.Debug|Any CPU.ActiveCfg = Debug|Any CPU
		{62223C1F-B5DF-4E83-243B-317EC289CD5B}.Debug|Any CPU.Build.0 = Debug|Any CPU
		{62223C1F-B5DF-4E83-243B-317EC289CD5B}.Release|Any CPU.ActiveCfg = Release|Any CPU
		{62223C1F-B5DF-4E83-243B-317EC289CD5B}.Release|Any CPU.Build.0 = Release|Any CPU
	EndGlobalSection
	GlobalSection(SolutionProperties) = preSolution
		HideSolutionNode = FALSE
	EndGlobalSection
																														GlobalSection(MonoDevelopProperties) = preSolution
		StartupItem = Assembly-CSharp.csproj
		Policies = $0
		$0.TextStylePolicy = $1
		$1.inheritsSet = null
		$1.scope = text/x-csharp
		$0.CSharpFormattingPolicy = $2
		$2.inheritsSet = Mono
		$2.inheritsScope = text/x-csharp
		$2.scope = text/x-csharp
		$0.TextStylePolicy = $3
		$3.FileWidth = 120
		$3.TabWidth = 4
		$3.EolMarker = Unix
		$3.inheritsSet = Mono
		$3.inheritsScope = text/plain
		$3.scope = text/plain
	EndGlobalSection

EndGlobal
